
Microsoft Visual Studio Solution File, Format Version 12.00
# Visual Studio Version 17
VisualStudioVersion = 17.5.002.0
MinimumVisualStudioVersion = 10.0.40219.1
Project("{9A19103F-16F7-4668-BE54-9A1E7A4F7556}") = "CR_main", "CR_main.csproj", "{7AD768C9-D4AD-4216-BCC1-5811B95FE50C}"
EndProject
Global
	GlobalSection(SolutionConfigurationPlatforms) = preSolution
		Debug|Any CPU = Debug|Any CPU
		Release|Any CPU = Release|Any CPU
	EndGlobalSection
	GlobalSection(ProjectConfigurationPlatforms) = postSolution
		{7AD768C9-D4AD-4216-BCC1-5811B95FE50C}.Debug|Any CPU.ActiveCfg = Debug|Any CPU
		{7AD768C9-D4AD-4216-BCC1-5811B95FE50C}.Debug|Any CPU.Build.0 = Debug|Any CPU
		{7AD768C9-D4AD-4216-BCC1-5811B95FE50C}.Release|Any CPU.ActiveCfg = Release|Any CPU
		{7AD768C9-D4AD-4216-BCC1-5811B95FE50C}.Release|Any CPU.Build.0 = Release|Any CPU
	EndGlobalSection
	GlobalSection(SolutionProperties) = preSolution
		HideSolutionNode = FALSE
	EndGlobalSection
	GlobalSection(ExtensibilityGlobals) = postSolution
		SolutionGuid = {11E6DAA4-0E42-42B6-8F24-9E1E3DC37734}
	EndGlobalSection
EndGlobal
